
Microsoft Visual Studio Solution File, Format Version 12.00
# Visual Studio Version 17
VisualStudioVersion = 17.4.33205.214
MinimumVisualStudioVersion = 10.0.40219.1
Project("{FAE04EC0-301F-11D3-BF4B-00C04F79EFBC}") = "Grupp_ja_liikmed", "Grupp_ja_liikmed.csproj", "{31058C1A-72E4-43DE-BF3B-162B14B49111}"
EndProject
Global
	GlobalSection(SolutionConfigurationPlatforms) = preSolution
		Debug|Any CPU = Debug|Any CPU
		Release|Any CPU = Release|Any CPU
	EndGlobalSection
	GlobalSection(ProjectConfigurationPlatforms) = postSolution
		{31058C1A-72E4-43DE-BF3B-162B14B49111}.Debug|Any CPU.ActiveCfg = Debug|Any CPU
		{31058C1A-72E4-43DE-BF3B-162B14B49111}.Debug|Any CPU.Build.0 = Debug|Any CPU
		{31058C1A-72E4-43DE-BF3B-162B14B49111}.Release|Any CPU.ActiveCfg = Release|Any CPU
		{31058C1A-72E4-43DE-BF3B-162B14B49111}.Release|Any CPU.Build.0 = Release|Any CPU
	EndGlobalSection
	GlobalSection(SolutionProperties) = preSolution
		HideSolutionNode = FALSE
	EndGlobalSection
	GlobalSection(ExtensibilityGlobals) = postSolution
		SolutionGuid = {851D8342-BFD1-4D3F-822C-1F04316AE357}
	EndGlobalSection
EndGlobal
